# This file is automatically @generated by Poetry and should not be changed by hand.

[[package]]
name = "amqp"
version = "2.3.2"
description = "Low-level AMQP client for Python (fork of amqplib)."
category = "main"
optional = false
python-versions = ">=2.7, !=3.0.*, !=3.1.*, !=3.2.*, !=3.3.*"
files = [
    {file = "amqp-2.3.2-py2.py3-none-any.whl", hash = "sha256:eed41946890cd43e8dee44a316b85cf6fee5a1a34bb4a562b660a358eb529e1b"},
    {file = "amqp-2.3.2.tar.gz", hash = "sha256:073dd02fdd73041bffc913b767866015147b61f2a9bc104daef172fc1a0066eb"},
]

[package.dependencies]
vine = ">=1.1.3"

[[package]]
name = "appdirs"
version = "1.4.3"
description = "A small Python module for determining appropriate platform-specific dirs, e.g. a \"user data dir\"."
category = "dev"
optional = false
python-versions = "*"
files = [
    {file = "appdirs-1.4.3-py2.py3-none-any.whl", hash = "sha256:d8b24664561d0d34ddfaec54636d502d7cea6e29c3eaf68f3df6180863e2166e"},
    {file = "appdirs-1.4.3.tar.gz", hash = "sha256:9e5896d1372858f8dd3344faf4e5014d21849c756c8d5701f78f8a103b372d92"},
]

[[package]]
name = "arrow"
version = "0.11.0"
description = "Better dates and times for Python"
category = "main"
optional = false
python-versions = "*"
files = [
    {file = "arrow-0.11.0.tar.gz", hash = "sha256:5c44e897cde7ff54d7336ee2072fd32395a525d070df0e9034ea64029d4a61b5"},
]

[package.dependencies]
python-dateutil = "*"

[[package]]
name = "asn1crypto"
version = "0.24.0"
description = "Fast ASN.1 parser and serializer with definitions for private keys, public keys, certificates, CRL, OCSP, CMS, PKCS#3, PKCS#7, PKCS#8, PKCS#12, PKCS#5, X.509 and TSP"
category = "main"
optional = false
python-versions = "*"
files = [
    {file = "asn1crypto-0.24.0-py2.py3-none-any.whl", hash = "sha256:2f1adbb7546ed199e3c90ef23ec95c5cf3585bac7d11fb7eb562a3fe89c64e87"},
    {file = "asn1crypto-0.24.0.tar.gz", hash = "sha256:9d5c20441baf0cb60a4ac34cc447c6c189024b6b4c6cd7877034f4965c464e49"},
]

[[package]]
name = "async-timeout"
version = "4.0.2"
description = "Timeout context manager for asyncio programs"
category = "main"
optional = false
python-versions = ">=3.6"
files = [
    {file = "async-timeout-4.0.2.tar.gz", hash = "sha256:2163e1640ddb52b7a8c80d0a67a08587e5d245cc9c553a74a847056bc2976b15"},
    {file = "async_timeout-4.0.2-py3-none-any.whl", hash = "sha256:8ca1e4fcf50d07413d66d1a5e416e42cfdf5851c981d679a09851a6853383b3c"},
]

[package.dependencies]
typing-extensions = {version = ">=3.6.5", markers = "python_version < \"3.8\""}

[[package]]
name = "atomicwrites"
version = "1.2.1"
description = "Atomic file writes."
category = "dev"
optional = false
python-versions = ">=2.7, !=3.0.*, !=3.1.*, !=3.2.*, !=3.3.*"
files = [
    {file = "atomicwrites-1.2.1-py2.py3-none-any.whl", hash = "sha256:0312ad34fcad8fac3704d441f7b317e50af620823353ec657a53e981f92920c0"},
    {file = "atomicwrites-1.2.1.tar.gz", hash = "sha256:ec9ae8adaae229e4f8446952d204a3e4b5fdd2d099f9be3aaf556120135fb3ee"},
]

[[package]]
name = "attrs"
version = "18.2.0"
description = "Classes Without Boilerplate"
category = "dev"
optional = false
python-versions = "*"
files = [
    {file = "attrs-18.2.0-py2.py3-none-any.whl", hash = "sha256:ca4be454458f9dec299268d472aaa5a11f67a4ff70093396e1ceae9c76cf4bbb"},
    {file = "attrs-18.2.0.tar.gz", hash = "sha256:10cbf6e27dbce8c30807caf056c8eb50917e0eaafe86347671b57254006c3e69"},
]

[package.extras]
dev = ["coverage", "hypothesis", "pre-commit", "pympler", "pytest", "six", "sphinx", "zope.interface", "zope.interface"]
docs = ["sphinx", "zope.interface"]
tests = ["coverage", "hypothesis", "pympler", "pytest", "six", "zope.interface"]

[[package]]
name = "beautifulsoup4"
version = "4.6.3"
description = "Screen-scraping library"
category = "main"
optional = false
python-versions = "*"
files = [
    {file = "beautifulsoup4-4.6.3-py2-none-any.whl", hash = "sha256:f0abd31228055d698bb392a826528ea08ebb9959e6bea17c606fd9c9009db938"},
    {file = "beautifulsoup4-4.6.3-py3-none-any.whl", hash = "sha256:194ec62a25438adcb3fdb06378b26559eda1ea8a747367d34c33cef9c7f48d57"},
    {file = "beautifulsoup4-4.6.3.tar.gz", hash = "sha256:90f8e61121d6ae58362ce3bed8cd997efb00c914eae0ff3d363c32f9a9822d10"},
]

[package.extras]
html5lib = ["html5lib"]
lxml = ["lxml"]

[[package]]
name = "billiard"
version = "3.5.0.5"
description = "Python multiprocessing fork with improvements and bugfixes"
category = "main"
optional = false
python-versions = "*"
files = [
    {file = "billiard-3.5.0.5.tar.gz", hash = "sha256:42d9a227401ac4fba892918bba0a0c409def5435c4b483267ebfe821afaaba0e"},
]

[[package]]
name = "black"
version = "18.9b0"
description = "The uncompromising code formatter."
category = "dev"
optional = false
python-versions = ">=3.6"
files = [
    {file = "black-18.9b0-py36-none-any.whl", hash = "sha256:817243426042db1d36617910df579a54f1afd659adb96fc5032fcf4b36209739"},
    {file = "black-18.9b0.tar.gz", hash = "sha256:e030a9a28f542debc08acceb273f228ac422798e5215ba2a791a6ddeaaca22a5"},
]

[package.dependencies]
appdirs = "*"
attrs = ">=17.4.0"
click = ">=6.5"
toml = ">=0.9.4"

[package.extras]
d = ["aiohttp (>=3.3.2)"]

[[package]]
name = "celery"
version = "4.1.1"
description = "Distributed Task Queue."
category = "main"
optional = false
python-versions = "*"
files = [
    {file = "celery-4.1.1-py2.py3-none-any.whl", hash = "sha256:6fc4678d1692af97e137b2a9f1c04efd8e7e2fb7134c5c5ad60738cdd927762f"},
    {file = "celery-4.1.1.tar.gz", hash = "sha256:d1f2a3359bdbdfb344edce98b8e891f5fe64f8a11c5a45538ec20ac237c971f5"},
]

[package.dependencies]
billiard = ">=3.5.0.2,<3.6.0"
kombu = ">=4.2.0,<5.0"
pytz = ">0.0-dev"

[package.extras]
auth = ["pyOpenSSL"]
cassandra = ["cassandra-driver"]
consul = ["python-consul"]
couchbase = ["couchbase"]
couchdb = ["pycouchdb"]
django = ["Django (>=1.8)"]
dynamodb = ["boto3 (==1.4.3)"]
elasticsearch = ["elasticsearch"]
eventlet = ["eventlet"]
gevent = ["gevent"]
librabbitmq = ["librabbitmq (>=1.5.0)"]
memcache = ["pylibmc"]
msgpack = ["msgpack-python (>=0.3.0)"]
pymemcache = ["python-memcached"]
pyro = ["pyro4"]
redis = ["redis (>=2.10.5)"]
riak = ["riak (>=2.0)"]
slmq = ["softlayer-messaging (>=1.0.3)"]
solar = ["ephem"]
sqlalchemy = ["sqlalchemy"]
sqs = ["boto (>=2.13.3)", "pycurl"]
tblib = ["tblib (>=1.3.0)"]
yaml = ["PyYAML (>=3.10)"]
zookeeper = ["kazoo (>=1.3.1)"]

[[package]]
name = "certifi"
version = "2018.11.29"
description = "Python package for providing Mozilla's CA Bundle."
category = "main"
optional = false
python-versions = "*"
files = [
    {file = "certifi-2018.11.29-py2.py3-none-any.whl", hash = "sha256:993f830721089fef441cdfeb4b2c8c9df86f0c63239f06bd025a76a7daddb033"},
    {file = "certifi-2018.11.29.tar.gz", hash = "sha256:47f9c83ef4c0c621eaef743f133f09fa8a74a9b75f037e8624f83bd1b6626cb7"},
]

[[package]]
name = "cffi"
version = "1.11.5"
description = "Foreign Function Interface for Python calling C code."
category = "main"
optional = false
python-versions = "*"
files = [
    {file = "cffi-1.11.5-cp27-cp27m-macosx_10_6_intel.whl", hash = "sha256:1b0493c091a1898f1136e3f4f991a784437fac3673780ff9de3bcf46c80b6b50"},
    {file = "cffi-1.11.5-cp27-cp27m-manylinux1_i686.whl", hash = "sha256:87f37fe5130574ff76c17cab61e7d2538a16f843bb7bca8ebbc4b12de3078596"},
    {file = "cffi-1.11.5-cp27-cp27m-manylinux1_x86_64.whl", hash = "sha256:1553d1e99f035ace1c0544050622b7bc963374a00c467edafac50ad7bd276aef"},
    {file = "cffi-1.11.5-cp27-cp27m-win32.whl", hash = "sha256:ba5e697569f84b13640c9e193170e89c13c6244c24400fc57e88724ef610cd31"},
    {file = "cffi-1.11.5-cp27-cp27m-win_amd64.whl", hash = "sha256:79f9b6f7c46ae1f8ded75f68cf8ad50e5729ed4d590c74840471fc2823457d04"},
    {file = "cffi-1.11.5-cp27-cp27mu-manylinux1_i686.whl", hash = "sha256:151b7eefd035c56b2b2e1eb9963c90c6302dc15fbd8c1c0a83a163ff2c7d7743"},
    {file = "cffi-1.11.5-cp27-cp27mu-manylinux1_x86_64.whl", hash = "sha256:edabd457cd23a02965166026fd9bfd196f4324fe6032e866d0f3bd0301cd486f"},
    {file = "cffi-1.11.5-cp33-cp33m-manylinux1_i686.whl", hash = "sha256:b0f7d4a3df8f06cf49f9f121bead236e328074de6449866515cea4907bbc63d6"},
    {file = "cffi-1.11.5-cp33-cp33m-manylinux1_x86_64.whl", hash = "sha256:4c91af6e967c2015729d3e69c2e51d92f9898c330d6a851bf8f121236f3defd3"},
    {file = "cffi-1.11.5-cp33-cp33m-win32.whl", hash = "sha256:7a33145e04d44ce95bcd71e522b478d282ad0eafaf34fe1ec5bbd73e662f22b6"},
    {file = "cffi-1.11.5-cp33-cp33m-win_amd64.whl", hash = "sha256:95d5251e4b5ca00061f9d9f3d6fe537247e145a8524ae9fd30a2f8fbce993b5b"},
    {file = "cffi-1.11.5-cp34-cp34m-macosx_10_6_intel.whl", hash = "sha256:b75110fb114fa366b29a027d0c9be3709579602ae111ff61674d28c93606acca"},
    {file = "cffi-1.11.5-cp34-cp34m-manylinux1_i686.whl", hash = "sha256:ae5e35a2c189d397b91034642cb0eab0e346f776ec2eb44a49a459e6615d6e2e"},
    {file = "cffi-1.11.5-cp34-cp34m-manylinux1_x86_64.whl", hash = "sha256:fdf1c1dc5bafc32bc5d08b054f94d659422b05aba244d6be4ddc1c72d9aa70fb"},
    {file = "cffi-1.11.5-cp34-cp34m-win32.whl", hash = "sha256:9d1d3e63a4afdc29bd76ce6aa9d58c771cd1599fbba8cf5057e7860b203710dd"},
    {file = "cffi-1.11.5-cp34-cp34m-win_amd64.whl", hash = "sha256:be2a9b390f77fd7676d80bc3cdc4f8edb940d8c198ed2d8c0be1319018c778e1"},
    {file = "cffi-1.11.5-cp35-cp35m-macosx_10_6_intel.whl", hash = "sha256:ed01918d545a38998bfa5902c7c00e0fee90e957ce036a4000a88e3fe2264917"},
    {file = "cffi-1.11.5-cp35-cp35m-manylinux1_i686.whl", hash = "sha256:857959354ae3a6fa3da6651b966d13b0a8bed6bbc87a0de7b38a549db1d2a359"},
    {file = "cffi-1.11.5-cp35-cp35m-manylinux1_x86_64.whl", hash = "sha256:2ba8a45822b7aee805ab49abfe7eec16b90587f7f26df20c71dd89e45a97076f"},
    {file = "cffi-1.11.5-cp35-cp35m-win32.whl", hash = "sha256:a36c5c154f9d42ec176e6e620cb0dd275744aa1d804786a71ac37dc3661a5e95"},
    {file = "cffi-1.11.5-cp35-cp35m-win_amd64.whl", hash = "sha256:e55e22ac0a30023426564b1059b035973ec82186ddddbac867078435801c7801"},
    {file = "cffi-1.11.5-cp36-cp36m-macosx_10_6_intel.whl", hash = "sha256:3eb6434197633b7748cea30bf0ba9f66727cdce45117a712b29a443943733257"},
    {file = "cffi-1.11.5-cp36-cp36m-manylinux1_i686.whl", hash = "sha256:ecbb7b01409e9b782df5ded849c178a0aa7c906cf8c5a67368047daab282b184"},
    {file = "cffi-1.11.5-cp36-cp36m-manylinux1_x86_64.whl", hash = "sha256:770f3782b31f50b68627e22f91cb182c48c47c02eb405fd689472aa7b7aa16dc"},
    {file = "cffi-1.11.5-cp36-cp36m-win32.whl", hash = "sha256:d5d8555d9bfc3f02385c1c37e9f998e2011f0db4f90e250e5bc0c0a85a813085"},
    {file = "cffi-1.11.5-cp36-cp36m-win_amd64.whl", hash = "sha256:3c85641778460581c42924384f5e68076d724ceac0f267d66c757f7535069c93"},
    {file = "cffi-1.11.5-cp37-cp37m-macosx_10_9_x86_64.whl", hash = "sha256:ca1bd81f40adc59011f58159e4aa6445fc585a32bb8ac9badf7a2c1aa23822f2"},
    {file = "cffi-1.11.5-cp37-cp37m-manylinux1_i686.whl", hash = "sha256:3bb6bd7266598f318063e584378b8e27c67de998a43362e8fce664c54ee52d30"},
    {file = "cffi-1.11.5-cp37-cp37m-manylinux1_x86_64.whl", hash = "sha256:a6a5cb8809091ec9ac03edde9304b3ad82ad4466333432b16d78ef40e0cce0d5"},
    {file = "cffi-1.11.5-cp37-cp37m-win32.whl", hash = "sha256:57b2533356cb2d8fac1555815929f7f5f14d68ac77b085d2326b571310f34f6e"},
    {file = "cffi-1.11.5-cp37-cp37m-win_amd64.whl", hash = "sha256:495c5c2d43bf6cebe0178eb3e88f9c4aa48d8934aa6e3cddb865c058da76756b"},
    {file = "cffi-1.11.5.tar.gz", hash = "sha256:e90f17980e6ab0f3c2f3730e56d1fe9bcba1891eeea58966e89d352492cc74f4"},
]

[package.dependencies]
pycparser = "*"

[[package]]
name = "click"
version = "7.0"
description = "Composable command line interface toolkit"
category = "dev"
optional = false
python-versions = ">=2.7, !=3.0.*, !=3.1.*, !=3.2.*, !=3.3.*"
files = [
    {file = "Click-7.0-py2.py3-none-any.whl", hash = "sha256:2335065e6395b9e67ca716de5f7526736bfa6ceead690adf616d925bdc622b13"},
    {file = "Click-7.0.tar.gz", hash = "sha256:5b94b49521f6456670fdb30cd82a4eca9412788a93fa6dd6df72c94d5a8ff2d7"},
]

[[package]]
name = "colorama"
version = "0.4.1"
description = "Cross-platform colored terminal text."
category = "dev"
optional = false
python-versions = ">=2.7, !=3.0.*, !=3.1.*, !=3.2.*, !=3.3.*"
files = [
    {file = "colorama-0.4.1-py2.py3-none-any.whl", hash = "sha256:f8ac84de7840f5b9c4e3347b3c1eaa50f7e49c2b07596221daec5edaabbd7c48"},
    {file = "colorama-0.4.1.tar.gz", hash = "sha256:05eed71e2e327246ad6b38c540c4a3117230b19679b875190486ddd2d721422d"},
]

[[package]]
name = "coverage"
version = "4.5.2"
description = "Code coverage measurement for Python"
category = "dev"
optional = false
python-versions = ">=2.6, !=3.0.*, !=3.1.*, !=3.2.*, <4"
files = [
    {file = "coverage-4.5.2-cp26-cp26m-macosx_10_12_x86_64.whl", hash = "sha256:a5c58664b23b248b16b96253880b2868fb34358911400a7ba39d7f6399935389"},
    {file = "coverage-4.5.2-cp27-cp27m-macosx_10_12_x86_64.whl", hash = "sha256:b3b0c8f660fae65eac74fbf003f3103769b90012ae7a460863010539bb7a80da"},
    {file = "coverage-4.5.2-cp27-cp27m-macosx_10_13_intel.whl", hash = "sha256:8cb4febad0f0b26c6f62e1628f2053954ad2c555d67660f28dfb1b0496711952"},
    {file = "coverage-4.5.2-cp27-cp27m-manylinux1_i686.whl", hash = "sha256:447c450a093766744ab53bf1e7063ec82866f27bcb4f4c907da25ad293bba7e3"},
    {file = "coverage-4.5.2-cp27-cp27m-manylinux1_x86_64.whl", hash = "sha256:1b4276550b86caa60606bd3572b52769860a81a70754a54acc8ba789ce74d607"},
    {file = "coverage-4.5.2-cp27-cp27m-win32.whl", hash = "sha256:09e47c529ff77bf042ecfe858fb55c3e3eb97aac2c87f0349ab5a7efd6b3939f"},
    {file = "coverage-4.5.2-cp27-cp27m-win_amd64.whl", hash = "sha256:5535dda5739257effef56e49a1c51c71f1d37a6e5607bb25a5eee507c59580d1"},
    {file = "coverage-4.5.2-cp27-cp27mu-manylinux1_i686.whl", hash = "sha256:6694d5573e7790a0e8d3d177d7a416ca5f5c150742ee703f3c18df76260de794"},
    {file = "coverage-4.5.2-cp27-cp27mu-manylinux1_x86_64.whl", hash = "sha256:510986f9a280cd05189b42eee2b69fecdf5bf9651d4cd315ea21d24a964a3c36"},
    {file = "coverage-4.5.2-cp33-cp33m-macosx_10_10_x86_64.whl", hash = "sha256:0a1f9b0eb3aa15c990c328535655847b3420231af299386cfe5efc98f9c250fe"},
    {file = "coverage-4.5.2-cp34-cp34m-macosx_10_12_x86_64.whl", hash = "sha256:0cc941b37b8c2ececfed341444a456912e740ecf515d560de58b9a76562d966d"},
    {file = "coverage-4.5.2-cp34-cp34m-manylinux1_i686.whl", hash = "sha256:da969da069a82bbb5300b59161d8d7c8d423bc4ccd3b410a9b4d8932aeefc14b"},
    {file = "coverage-4.5.2-cp34-cp34m-manylinux1_x86_64.whl", hash = "sha256:6831e1ac20ac52634da606b658b0b2712d26984999c9d93f0c6e59fe62ca741b"},
    {file = "coverage-4.5.2-cp34-cp34m-win32.whl", hash = "sha256:5f55028169ef85e1fa8e4b8b1b91c0b3b0fa3297c4fb22990d46ff01d22c2d6c"},
    {file = "coverage-4.5.2-cp34-cp34m-win_amd64.whl", hash = "sha256:10e8af18d1315de936d67775d3a814cc81d0747a1a0312d84e27ae5610e313b0"},
    {file = "coverage-4.5.2-cp35-cp35m-macosx_10_12_x86_64.whl", hash = "sha256:2b224052bfd801beb7478b03e8a66f3f25ea56ea488922e98903914ac9ac930b"},
    {file = "coverage-4.5.2-cp35-cp35m-manylinux1_i686.whl", hash = "sha256:77f0d9fa5e10d03aa4528436e33423bfa3718b86c646615f04616294c935f840"},
    {file = "coverage-4.5.2-cp35-cp35m-manylinux1_x86_64.whl", hash = "sha256:5a7524042014642b39b1fcae85fb37556c200e64ec90824ae9ecf7b667ccfc14"},
    {file = "coverage-4.5.2-cp35-cp35m-win32.whl", hash = "sha256:85a06c61598b14b015d4df233d249cd5abfa61084ef5b9f64a48e997fd829a82"},
    {file = "coverage-4.5.2-cp35-cp35m-win_amd64.whl", hash = "sha256:ed02c7539705696ecb7dc9d476d861f3904a8d2b7e894bd418994920935d36bb"},
    {file = "coverage-4.5.2-cp36-cp36m-macosx_10_13_x86_64.whl", hash = "sha256:aaa0f296e503cda4bc07566f592cd7a28779d433f3a23c48082af425d6d5a78f"},
    {file = "coverage-4.5.2-cp36-cp36m-manylinux1_i686.whl", hash = "sha256:1e8a2627c48266c7b813975335cfdea58c706fe36f607c97d9392e61502dc79d"},
    {file = "coverage-4.5.2-cp36-cp36m-manylinux1_x86_64.whl", hash = "sha256:46101fc20c6f6568561cdd15a54018bb42980954b79aa46da8ae6f008066a30e"},
    {file = "coverage-4.5.2-cp36-cp36m-win32.whl", hash = "sha256:ee5b8abc35b549012e03a7b1e86c09491457dba6c94112a2482b18589cc2bdb9"},
    {file = "coverage-4.5.2-cp36-cp36m-win_amd64.whl", hash = "sha256:c45297bbdbc8bb79b02cf41417d63352b70bcb76f1bbb1ee7d47b3e89e42f95d"},
    {file = "coverage-4.5.2-cp37-cp37m-macosx_10_13_x86_64.whl", hash = "sha256:d64b4340a0c488a9e79b66ec9f9d77d02b99b772c8b8afd46c1294c1d39ca478"},
    {file = "coverage-4.5.2-cp37-cp37m-manylinux1_i686.whl", hash = "sha256:828ad813c7cdc2e71dcf141912c685bfe4b548c0e6d9540db6418b807c345ddd"},
    {file = "coverage-4.5.2-cp37-cp37m-manylinux1_x86_64.whl", hash = "sha256:d19bca47c8a01b92640c614a9147b081a1974f69168ecd494687c827109e8f42"},
    {file = "coverage-4.5.2-cp37-cp37m-win32.whl", hash = "sha256:4710dc676bb4b779c4361b54eb308bc84d64a2fa3d78e5f7228921eccce5d815"},
    {file = "coverage-4.5.2-cp37-cp37m-win_amd64.whl", hash = "sha256:bab8e6d510d2ea0f1d14f12642e3f35cefa47a9b2e4c7cea1852b52bc9c49647"},
    {file = "coverage-4.5.2.tar.gz", hash = "sha256:ab235d9fe64833f12d1334d29b558aacedfbca2356dfb9691f2d0d38a8a7bfb4"},
]

[[package]]
name = "cryptography"
version = "2.4.2"
description = "cryptography is a package which provides cryptographic recipes and primitives to Python developers."
category = "main"
optional = false
python-versions = ">=2.7,!=3.0.*,!=3.1.*,!=3.2.*,!=3.3.*"
files = [
    {file = "cryptography-2.4.2-cp27-cp27m-macosx_10_6_intel.whl", hash = "sha256:0ff4a3d6ea86aa0c9e06e92a9f986de7ee8231f36c4da1b31c61a7e692ef3378"},
    {file = "cryptography-2.4.2-cp27-cp27m-manylinux1_i686.whl", hash = "sha256:63b064a074f8dc61be81449796e2c3f4e308b6eba04a241a5c9f2d05e882c681"},
    {file = "cryptography-2.4.2-cp27-cp27m-manylinux1_x86_64.whl", hash = "sha256:b4fc04326b2d259ddd59ed8ea20405d2e695486ab4c5e1e49b025c484845206e"},
    {file = "cryptography-2.4.2-cp27-cp27m-win32.whl", hash = "sha256:5ecaf9e7db3ca582c6de6229525d35db8a4e59dc3e8a40a331674ed90e658cbf"},
    {file = "cryptography-2.4.2-cp27-cp27m-win_amd64.whl", hash = "sha256:3cdc5f7ca057b2214ce4569e01b0f368b3de9d8ee01887557755ccd1c15d9427"},
    {file = "cryptography-2.4.2-cp27-cp27mu-manylinux1_i686.whl", hash = "sha256:0eb83a24c650a36f68e31a6d0a70f7ad9c358fa2506dc7b683398b92e354a038"},
    {file = "cryptography-2.4.2-cp27-cp27mu-manylinux1_x86_64.whl", hash = "sha256:af12dfc9874ac27ebe57fc28c8df0e8afa11f2a1025566476b0d50cdb8884f70"},
    {file = "cryptography-2.4.2-cp34-abi3-macosx_10_6_intel.whl", hash = "sha256:21e63dd20f5e5455e8b34179ac43d95b3fb1ffa54d071fd2ed5d67da82cfe6dc"},
    {file = "cryptography-2.4.2-cp34-abi3-manylinux1_i686.whl", hash = "sha256:8908f1db90be48b060888e9c96a0dee9d842765ce9594ff6a23da61086116bb6"},
    {file = "cryptography-2.4.2-cp34-abi3-manylinux1_x86_64.whl", hash = "sha256:70596e90398574b77929cd87e1ac6e43edd0e29ba01e1365fed9c26bde295aa5"},
    {file = "cryptography-2.4.2-cp34-cp34m-win32.whl", hash = "sha256:471a097076a7c4ab85561d7fa9a1239bd2ae1f9fd0047520f13d8b340bf3210b"},
    {file = "cryptography-2.4.2-cp34-cp34m-win_amd64.whl", hash = "sha256:70c2b04e905d3f72e2ba12c58a590817128dfca08949173faa19a42c824efa0b"},
    {file = "cryptography-2.4.2-cp35-cp35m-win32.whl", hash = "sha256:6afe324dfe6074822ccd56d80420df750e19ac30a4e56c925746c735cf22ae8b"},
    {file = "cryptography-2.4.2-cp35-cp35m-win_amd64.whl", hash = "sha256:da5b5dda4aa0d5e2b758cc8dfc67f8d4212e88ea9caad5f61ba132f948bab859"},
    {file = "cryptography-2.4.2-cp36-cp36m-win32.whl", hash = "sha256:1699f3e916981df32afdd014fb3164db28cdb61c757029f502cb0a8c29b2fdb3"},
    {file = "cryptography-2.4.2-cp36-cp36m-win_amd64.whl", hash = "sha256:2454ada8209bbde97065453a6ca488884bbb263e623d35ba183821317a58b46f"},
    {file = "cryptography-2.4.2-cp37-cp37m-win32.whl", hash = "sha256:1b1f136d74f411f587b07c076149c4436a169dc19532e587460d9ced24adcc13"},
    {file = "cryptography-2.4.2-cp37-cp37m-win_amd64.whl", hash = "sha256:418e7a5ec02a7056d3a4f0c0e7ea81df374205f25f4720bb0e84189aa5fd2515"},
    {file = "cryptography-2.4.2.tar.gz", hash = "sha256:05a6052c6a9f17ff78ba78f8e6eb1d777d25db3b763343a1ae89a7a8670386dd"},
]

[package.dependencies]
asn1crypto = ">=0.21.0"
cffi = ">=1.7,<1.11.3 || >1.11.3"
idna = ">=2.1"
six = ">=1.4.1"

[package.extras]
docs = ["sphinx (>=1.6.5,!=1.8.0)", "sphinx-rtd-theme"]
docstest = ["doc8", "pyenchant (>=1.6.11)", "readme-renderer (>=16.0)", "sphinxcontrib-spelling (>=4.0.1)"]
pep8test = ["flake8", "flake8-import-order", "pep8-naming"]
test = ["cryptography-vectors (==2.4.2)", "hypothesis (>=1.11.4,!=3.79.2)", "iso8601", "pretend", "pytest (>=3.6.0,!=3.9.0,!=3.9.1,!=3.9.2)", "pytz"]

[[package]]
name = "future"
version = "0.17.1"
description = "Clean single-source support for Python 3 and 2"
category = "main"
optional = false
python-versions = ">=2.6, !=3.0.*, !=3.1.*, !=3.2.*"
files = [
    {file = "future-0.17.1.tar.gz", hash = "sha256:67045236dcfd6816dc439556d009594abf643e5eb48992e36beac09c2ca659b8"},
]

[[package]]
name = "ics"
version = "0.5"
description = "Python icalendar (rfc5545) parser"
category = "main"
optional = false
python-versions = "*"
files = [
    {file = "ics-0.5-py2.py3-none-any.whl", hash = "sha256:a9c01479e49499beb82e4ca67321275cd1509ddba5e8b8e45aef8bb6015aa295"},
]

[package.dependencies]
arrow = ">=0.11,<0.12"
python-dateutil = "*"
six = ">1.5"

[[package]]
name = "idna"
version = "2.8"
description = "Internationalized Domain Names in Applications (IDNA)"
category = "main"
optional = false
python-versions = ">=2.7, !=3.0.*, !=3.1.*, !=3.2.*, !=3.3.*"
files = [
    {file = "idna-2.8-py2.py3-none-any.whl", hash = "sha256:ea8b7f6188e6fa117537c3df7da9fc686d485087abf6ac197f9c46432f7e4a3c"},
    {file = "idna-2.8.tar.gz", hash = "sha256:c357b3f628cf53ae2c4c05627ecc484553142ca23264e593d327bcde5e9c3407"},
]

[[package]]
name = "importlib-metadata"
version = "4.8.3"
description = "Read metadata from Python packages"
category = "main"
optional = false
python-versions = ">=3.6"
files = [
    {file = "importlib_metadata-4.8.3-py3-none-any.whl", hash = "sha256:65a9576a5b2d58ca44d133c42a241905cc45e34d2c06fd5ba2bafa221e5d7b5e"},
    {file = "importlib_metadata-4.8.3.tar.gz", hash = "sha256:766abffff765960fcc18003801f7044eb6755ffae4521c8e8ce8e83b9c9b0668"},
]

[package.dependencies]
typing-extensions = {version = ">=3.6.4", markers = "python_version < \"3.8\""}
zipp = ">=0.5"

[package.extras]
docs = ["jaraco.packaging (>=8.2)", "rst.linker (>=1.9)", "sphinx"]
perf = ["ipython"]
testing = ["flufl.flake8", "importlib-resources (>=1.3)", "packaging", "pep517", "pyfakefs", "pytest (>=6)", "pytest-black (>=0.3.7)", "pytest-checkdocs (>=2.4)", "pytest-cov", "pytest-enabler (>=1.0.1)", "pytest-flake8", "pytest-mypy", "pytest-perf (>=0.9.2)"]

[[package]]
name = "jsonpickle"
version = "0.9.6"
description = "Python library for serializing any arbitrary object graph into JSON"
category = "main"
optional = false
python-versions = "*"
files = [
    {file = "jsonpickle-0.9.6.tar.gz", hash = "sha256:545b3bee0d65e1abb4baa1818edcc9ec239aa9f2ffbfde8084d71c056180054f"},
]

[[package]]
name = "kombu"
version = "4.2.2.post1"
description = "Messaging library for Python."
category = "main"
optional = false
python-versions = ">=2.7, !=3.0.*, !=3.1.*, !=3.2.*, !=3.3.*"
files = [
    {file = "kombu-4.2.2.post1-py2.py3-none-any.whl", hash = "sha256:1ef049243aa05f29e988ab33444ec7f514375540eaa8e0b2e1f5255e81c5e56d"},
    {file = "kombu-4.2.2.post1.tar.gz", hash = "sha256:3c9dca2338c5d893f30c151f5d29bfb81196748ab426d33c362ab51f1e8dbf78"},
]

[package.dependencies]
amqp = ">=2.1.4,<3.0"

[package.extras]
consul = ["python-consul (>=0.6.0)"]
librabbitmq = ["librabbitmq (>=1.5.2)"]
mongodb = ["pymongo (>=2.6.2,<3.0)"]
msgpack = ["msgpack"]
pyro = ["pyro4"]
qpid = ["qpid-python (>=0.26)", "qpid-tools (>=0.26)"]
redis = ["redis (>=2.10.5)"]
slmq = ["softlayer-messaging (>=1.0.3)"]
sqlalchemy = ["sqlalchemy"]
sqs = ["boto3 (>=1.4.4)", "pycurl"]
yaml = ["PyYAML (>=3.10)"]
zookeeper = ["kazoo (>=1.3.1)"]

[[package]]
name = "more-itertools"
version = "4.3.0"
description = "More routines for operating on iterables, beyond itertools"
category = "dev"
optional = false
python-versions = "*"
files = [
    {file = "more-itertools-4.3.0.tar.gz", hash = "sha256:c476b5d3a34e12d40130bc2f935028b5f636df8f372dc2c1c01dc19681b2039e"},
    {file = "more_itertools-4.3.0-py2-none-any.whl", hash = "sha256:fcbfeaea0be121980e15bc97b3817b5202ca73d0eae185b4550cbfce2a3ebb3d"},
    {file = "more_itertools-4.3.0-py3-none-any.whl", hash = "sha256:c187a73da93e7a8acc0001572aebc7e3c69daf7bf6881a2cea10650bd4420092"},
]

[package.dependencies]
six = ">=1.0.0,<2.0.0"

[[package]]
name = "packaging"
version = "21.3"
description = "Core utilities for Python packages"
category = "main"
optional = false
python-versions = ">=3.6"
files = [
    {file = "packaging-21.3-py3-none-any.whl", hash = "sha256:ef103e05f519cdc783ae24ea4e2e0f508a9c99b2d4969652eed6a2e1ea5bd522"},
    {file = "packaging-21.3.tar.gz", hash = "sha256:dd47c42927d89ab911e606518907cc2d3a1f38bbd026385970643f9c5b8ecfeb"},
]

[package.dependencies]
pyparsing = ">=2.0.2,<3.0.5 || >3.0.5"

[[package]]
name = "pip"
version = "9.0.3"
description = "The PyPA recommended tool for installing Python packages."
category = "main"
optional = false
python-versions = ">=2.6,!=3.0.*,!=3.1.*,!=3.2.*"
files = [
    {file = "pip-9.0.3-py2.py3-none-any.whl", hash = "sha256:c3ede34530e0e0b2381e7363aded78e0c33291654937e7373032fda04e8803e5"},
    {file = "pip-9.0.3.tar.gz", hash = "sha256:7bf48f9a693be1d58f49f7af7e0ae9fe29fd671cde8a55e6edca3581c4ef5796"},
]

[package.extras]
testing = ["mock", "pretend", "pytest", "scripttest (>=1.3)", "virtualenv (>=1.10)"]

[[package]]
name = "pluggy"
version = "0.8.0"
description = "plugin and hook calling mechanisms for python"
category = "dev"
optional = false
python-versions = ">=2.7, !=3.0.*, !=3.1.*, !=3.2.*, !=3.3.*"
files = [
    {file = "pluggy-0.8.0-py2.py3-none-any.whl", hash = "sha256:bde19360a8ec4dfd8a20dcb811780a30998101f078fc7ded6162f0076f50508f"},
    {file = "pluggy-0.8.0.tar.gz", hash = "sha256:447ba94990e8014ee25ec853339faf7b0fc8050cdc3289d4d71f7f410fb90095"},
]

[package.extras]
dev = ["pre-commit", "tox"]

[[package]]
name = "py"
version = "1.7.0"
description = "library with cross-python path, ini-parsing, io, code, log facilities"
category = "dev"
optional = false
python-versions = ">=2.7, !=3.0.*, !=3.1.*, !=3.2.*, !=3.3.*"
files = [
    {file = "py-1.7.0-py2.py3-none-any.whl", hash = "sha256:e76826342cefe3c3d5f7e8ee4316b80d1dd8a300781612ddbc765c17ba25a6c6"},
    {file = "py-1.7.0.tar.gz", hash = "sha256:bf92637198836372b520efcba9e020c330123be8ce527e535d185ed4b6f45694"},
]

[[package]]
name = "pycparser"
version = "2.19"
description = "C parser in Python"
category = "main"
optional = false
python-versions = ">=2.7, !=3.0.*, !=3.1.*, !=3.2.*, !=3.3.*"
files = [
    {file = "pycparser-2.19.tar.gz", hash = "sha256:a988718abfad80b6b157acce7bf130a30876d27603738ac39f140993246b25b3"},
]

[[package]]
name = "pymongo"
version = "3.7.2"
description = "Python driver for MongoDB <http://www.mongodb.org>"
category = "main"
optional = false
python-versions = "*"
files = [
    {file = "pymongo-3.7.2-cp26-cp26m-manylinux1_i686.whl", hash = "sha256:3bee8e7e0709b0fcdaa498a3e513bde9ffc7cd09dbceb11e425bd91c89dbd5b6"},
    {file = "pymongo-3.7.2-cp26-cp26m-manylinux1_x86_64.whl", hash = "sha256:5f8ed5934197a2d4b2087646e98de3e099a237099dcf498b9e38dd3465f74ef4"},
    {file = "pymongo-3.7.2-cp26-cp26m-win32.whl", hash = "sha256:9447b561529576d89d3bf973e5241a88cf76e45bd101963f5236888713dea774"},
    {file = "pymongo-3.7.2-cp26-cp26m-win_amd64.whl", hash = "sha256:cfbd86ed4c2b2ac71bbdbcea6669bf295def7152e3722ddd9dda94ac7981f33d"},
    {file = "pymongo-3.7.2-cp26-cp26mu-manylinux1_i686.whl", hash = "sha256:52732960efa0e003ca1c092dc0a3c65276e897681287a788a01ca78dda3b41f0"},
    {file = "pymongo-3.7.2-cp26-cp26mu-manylinux1_x86_64.whl", hash = "sha256:057210e831573e932702cf332012ed39da78edf0f02d24a3f0b213264a87a397"},
    {file = "pymongo-3.7.2-cp27-cp27m-macosx_10_13_intel.whl", hash = "sha256:24b8c04fdb633a84829d03909752c385faef249c06114cc8d8e1700b95aae5c8"},
    {file = "pymongo-3.7.2-cp27-cp27m-manylinux1_i686.whl", hash = "sha256:d7929c513732dff093481f4a0954ed5ff16816365842136b17caa0b4992e49d3"},
    {file = "pymongo-3.7.2-cp27-cp27m-manylinux1_x86_64.whl", hash = "sha256:46635e3f19ad04d5a7d7cf23d232388ddbfccf46d9a3b7436b6abadda4e84813"},
    {file = "pymongo-3.7.2-cp27-cp27m-win32.whl", hash = "sha256:4e2cd80e16f481a62c3175b607373200e714ed29025f21559ebf7524f295689f"},
    {file = "pymongo-3.7.2-cp27-cp27m-win_amd64.whl", hash = "sha256:436c071e01a464753d30dbfc8768dd93aecf2a8e378e5314d130b95e77b4d612"},
    {file = "pymongo-3.7.2-cp27-cp27mu-manylinux1_i686.whl", hash = "sha256:025f94fc1e1364f00e50badc88c47f98af20012f23317234e51a11333ef986e6"},
    {file = "pymongo-3.7.2-cp27-cp27mu-manylinux1_x86_64.whl", hash = "sha256:2d8474dc833b1182b651b184ace997a7bd83de0f51244de988d3c30e49f07de3"},
    {file = "pymongo-3.7.2-cp34-cp34m-macosx_10_6_intel.whl", hash = "sha256:15527ef218d95a8717486106553b0d54ff2641e795b65668754e17ab9ca6e381"},
    {file = "pymongo-3.7.2-cp34-cp34m-manylinux1_i686.whl", hash = "sha256:ce309ca470d747b02ba6069d286a17b7df8e9c94d10d727d9cf3a64e51d85184"},
    {file = "pymongo-3.7.2-cp34-cp34m-manylinux1_x86_64.whl", hash = "sha256:7683428862e20c6a790c19e64f8ccf487f613fbc83d47e3d532df9c81668d451"},
    {file = "pymongo-3.7.2-cp34-cp34m-win32.whl", hash = "sha256:104790893b928d310aae8a955e0bdbaa442fb0ac0a33d1bbb0741c791a407778"},
    {file = "pymongo-3.7.2-cp34-cp34m-win_amd64.whl", hash = "sha256:7d1cb00c093dbf1d0b16ccf123e79dee3b82608e4a2a88947695f0460eef13ff"},
    {file = "pymongo-3.7.2-cp35-cp35m-macosx_10_6_intel.whl", hash = "sha256:2c276696350785d3104412cbe3ac70ab1e3a10c408e7b20599ee41403a3ed630"},
    {file = "pymongo-3.7.2-cp35-cp35m-manylinux1_i686.whl", hash = "sha256:78566d5570c75a127c2491e343dc006798a384f06be588fe9b0cbe5595711559"},
    {file = "pymongo-3.7.2-cp35-cp35m-manylinux1_x86_64.whl", hash = "sha256:8e60aa7699170f55f4b0f56ee6f8415229777ac7e4b4b1aa41fc61eec08c1f1d"},
    {file = "pymongo-3.7.2-cp35-cp35m-win32.whl", hash = "sha256:4772e0b679717e7ac4608d996f57b6f380748a919b457cb05bb941467b888b22"},
    {file = "pymongo-3.7.2-cp35-cp35m-win_amd64.whl", hash = "sha256:65958b8e4319f992e85dad59d8081888b97fcdbde5f0d14bc28f2848b92d3ef1"},
    {file = "pymongo-3.7.2-cp36-cp36m-macosx_10_9_x86_64.whl", hash = "sha256:64b064124fcbc8eb04a155117dc4d9a336e3cda3f069958fbc44fe70c3c3d1e9"},
    {file = "pymongo-3.7.2-cp36-cp36m-manylinux1_i686.whl", hash = "sha256:970055bfeb0be373f2f5299a3db8432444bad3bc2f198753ee6c2a3a781e0959"},
    {file = "pymongo-3.7.2-cp36-cp36m-manylinux1_x86_64.whl", hash = "sha256:22e3aa4ce1c3eebc7f70f9ca7fd4ce1ea33e8bdb7b61996806cd312f08f84a3a"},
    {file = "pymongo-3.7.2-cp36-cp36m-win32.whl", hash = "sha256:a6344b8542e584e140dc3c651d68bde51270e79490aa9320f9e708f9b2c39bd5"},
    {file = "pymongo-3.7.2-cp36-cp36m-win_amd64.whl", hash = "sha256:3119b57fe1d964781e91a53e81532c85ed1701baaddec592e22f6b77a9fdf3df"},
    {file = "pymongo-3.7.2-cp37-cp37m-macosx_10_9_x86_64.whl", hash = "sha256:1826527a0b032f6e20e7ac7f72d7c26dd476a5e5aa82c04aa1c7088a59fded7d"},
    {file = "pymongo-3.7.2-cp37-cp37m-manylinux1_i686.whl", hash = "sha256:244e1101e9a48615b9a16cbd194f73c115fdfefc96894803158608115f703b26"},
    {file = "pymongo-3.7.2-cp37-cp37m-manylinux1_x86_64.whl", hash = "sha256:0d946b79c56187fe139276d4c8ed612a27a616966c8b9779d6b79e2053587c8b"},
    {file = "pymongo-3.7.2-cp37-cp37m-win32.whl", hash = "sha256:55a7de51ec7d1731b2431886d0349146645f2816e5b8eb982d7c49f89472c9f3"},
    {file = "pymongo-3.7.2-cp37-cp37m-win_amd64.whl", hash = "sha256:02aa7fb282606331aefbc0586e2cf540e9dbe5e343493295e7f390936ad2738e"},
    {file = "pymongo-3.7.2.tar.gz", hash = "sha256:8c74e2a9b594f7962c62cef7680a4cb92a96b4e6e3c2f970790da67cc0213a7e"},
]

[package.extras]
gssapi = ["pykerberos"]
snappy = ["python-snappy"]
srv = ["dnspython (>=1.8.0,<2.0.0)"]
tls = ["certifi", "ipaddress"]

[[package]]
name = "pyparsing"
version = "3.0.7"
description = "Python parsing module"
category = "main"
optional = false
python-versions = ">=3.6"
files = [
    {file = "pyparsing-3.0.7-py3-none-any.whl", hash = "sha256:a6c06a88f252e6c322f65faf8f418b16213b51bdfaece0524c1c1bc30c63c484"},
    {file = "pyparsing-3.0.7.tar.gz", hash = "sha256:18ee9022775d270c55187733956460083db60b37d0d0fb357445f3094eed3eea"},
]

[package.extras]
diagrams = ["jinja2", "railroad-diagrams"]

[[package]]
name = "pytest"
version = "3.10.1"
description = "pytest: simple powerful testing with Python"
category = "dev"
optional = false
python-versions = ">=2.7, !=3.0.*, !=3.1.*, !=3.2.*, !=3.3.*"
files = [
    {file = "pytest-3.10.1-py2.py3-none-any.whl", hash = "sha256:3f193df1cfe1d1609d4c583838bea3d532b18d6160fd3f55c9447fdca30848ec"},
    {file = "pytest-3.10.1.tar.gz", hash = "sha256:e246cf173c01169b9617fc07264b7b1316e78d7a650055235d6d897bc80d9660"},
]

[package.dependencies]
atomicwrites = ">=1.0"
attrs = ">=17.4.0"
colorama = {version = "*", markers = "sys_platform == \"win32\""}
more-itertools = ">=4.0.0"
pluggy = ">=0.7"
py = ">=1.5.0"
setuptools = "*"
six = ">=1.10.0"

[[package]]
name = "pytest-cov"
version = "2.6.0"
description = "Pytest plugin for measuring coverage."
category = "dev"
optional = false
python-versions = ">=2.7, !=3.0.*, !=3.1.*, !=3.2.*, !=3.3.*"
files = [
    {file = "pytest-cov-2.6.0.tar.gz", hash = "sha256:e360f048b7dae3f2f2a9a4d067b2dd6b6a015d384d1577c994a43f3f7cbad762"},
    {file = "pytest_cov-2.6.0-py2.py3-none-any.whl", hash = "sha256:513c425e931a0344944f84ea47f3956be0e416d95acbd897a44970c8d926d5d7"},
]

[package.dependencies]
coverage = ">=4.4"
pytest = ">=2.9"

[[package]]
name = "python-dateutil"
version = "2.7.5"
description = "Extensions to the standard Python datetime module"
category = "main"
optional = false
python-versions = ">=2.7, !=3.0.*, !=3.1.*, !=3.2.*"
files = [
    {file = "python-dateutil-2.7.5.tar.gz", hash = "sha256:88f9287c0174266bb0d8cedd395cfba9c58e87e5ad86b2ce58859bc11be3cf02"},
    {file = "python_dateutil-2.7.5-py2.py3-none-any.whl", hash = "sha256:063df5763652e21de43de7d9e00ccf239f953a832941e37be541614732cdfc93"},
]

[package.dependencies]
six = ">=1.5"

[[package]]
name = "python-telegram-bot"
version = "11.1.0"
description = "We have made you a wrapper you can't refuse"
category = "main"
optional = false
python-versions = "*"
files = [
    {file = "python-telegram-bot-11.1.0.tar.gz", hash = "sha256:cca4e32ebb8da7fdf35ab2fa2b3edd441211364819c5592fc253acdb7561ea5b"},
    {file = "python_telegram_bot-11.1.0-py2.py3-none-any.whl", hash = "sha256:78695b1f6e147e9b360ccfb1ac92b542cab27870ccaf04065a88ee601ffa58b6"},
]

[package.dependencies]
certifi = "*"
cryptography = "*"
future = ">=0.16.0"

[package.extras]
json = ["ujson"]
socks = ["PySocks"]

[[package]]
name = "pytz"
version = "2018.7"
description = "World timezone definitions, modern and historical"
category = "main"
optional = false
python-versions = "*"
files = [
    {file = "pytz-2018.7-py2.py3-none-any.whl", hash = "sha256:8e0f8568c118d3077b46be7d654cc8167fa916092e28320cde048e54bfc9f1e6"},
    {file = "pytz-2018.7.tar.gz", hash = "sha256:31cb35c89bd7d333cd32c5f278fca91b523b0834369e757f4c5641ea252236ca"},
]

[[package]]
name = "redis"
version = "4.3.6"
description = "Python client for Redis database and key-value store"
category = "main"
optional = false
python-versions = ">=3.6"
files = [
    {file = "redis-4.3.6-py3-none-any.whl", hash = "sha256:1ea4018b8b5d8a13837f0f1c418959c90bfde0a605cb689e8070cff368a3b177"},
    {file = "redis-4.3.6.tar.gz", hash = "sha256:7a462714dcbf7b1ad1acd81f2862b653cc8535cdfc879e28bf4947140797f948"},
]

[package.dependencies]
async-timeout = ">=4.0.2"
importlib-metadata = {version = ">=1.0", markers = "python_version < \"3.8\""}
packaging = ">=20.4"
typing-extensions = {version = "*", markers = "python_version < \"3.8\""}

[package.extras]
hiredis = ["hiredis (>=1.0.0)"]
ocsp = ["cryptography (>=36.0.1)", "pyopenssl (==20.0.1)", "requests (>=2.26.0)"]

[[package]]
name = "selenium"
version = "3.8.0"
description = "Python bindings for Selenium"
category = "main"
optional = false
python-versions = "*"
files = [
    {file = "selenium-3.8.0-py2.py3-none-any.whl", hash = "sha256:af448c15b3225056cd406b435cda10bfcee250460a4811e4fd8b21be9f61626c"},
    {file = "selenium-3.8.0.tar.gz", hash = "sha256:3af07d7a4b5d523540fa4f32902b9dec15e0379862406aef974729f42411053d"},
]

[[package]]
name = "setuptools"
version = "59.6.0"
description = "Easily download, build, install, upgrade, and uninstall Python packages"
category = "dev"
optional = false
python-versions = ">=3.6"
files = [
    {file = "setuptools-59.6.0-py3-none-any.whl", hash = "sha256:4ce92f1e1f8f01233ee9952c04f6b81d1e02939d6e1b488428154974a4d0783e"},
    {file = "setuptools-59.6.0.tar.gz", hash = "sha256:22c7348c6d2976a52632c67f7ab0cdf40147db7789f9aed18734643fe9cf3373"},
]

[package.extras]
docs = ["furo", "jaraco.packaging (>=8.2)", "jaraco.tidelift (>=1.4)", "pygments-github-lexers (==0.0.5)", "rst.linker (>=1.9)", "sphinx", "sphinx-inline-tabs", "sphinxcontrib-towncrier"]
testing = ["flake8-2020", "jaraco.envs (>=2.2)", "jaraco.path (>=3.2.0)", "mock", "paver", "pip (>=19.1)", "pytest (>=6)", "pytest-black (>=0.3.7)", "pytest-checkdocs (>=2.4)", "pytest-cov", "pytest-enabler (>=1.0.1)", "pytest-flake8", "pytest-mypy", "pytest-virtualenv (>=1.2.7)", "pytest-xdist", "sphinx", "virtualenv (>=13.0.0)", "wheel"]

[[package]]
name = "six"
version = "1.12.0"
description = "Python 2 and 3 compatibility utilities"
category = "main"
optional = false
python-versions = ">=2.6, !=3.0.*, !=3.1.*"
files = [
    {file = "six-1.12.0-py2.py3-none-any.whl", hash = "sha256:3350809f0555b11f552448330d0b52d5f24c91a322ea4a15ef22629740f3761c"},
    {file = "six-1.12.0.tar.gz", hash = "sha256:d16a0141ec1a18405cd4ce8b4613101da75da0e9a7aec5bdd4fa804d0e0eba73"},
]

[[package]]
name = "toml"
version = "0.9.6"
description = "Python Library for Tom's Obvious, Minimal Language"
category = "main"
optional = false
python-versions = "*"
files = [
    {file = "toml-0.9.6-py2.py3-none-any.whl", hash = "sha256:a7901919d3e4f92ffba7ff40a9d697e35bbbc8a8049fe8da742f34c83606d957"},
    {file = "toml-0.9.6.tar.gz", hash = "sha256:380178cde50a6a79f9d2cf6f42a62a5174febe5eea4126fe4038785f1d888d42"},
]

[[package]]
name = "typing"
version = "3.6.6"
description = "Type Hints for Python"
category = "main"
optional = false
python-versions = "*"
files = [
    {file = "typing-3.6.6-py2-none-any.whl", hash = "sha256:a4c8473ce11a65999c8f59cb093e70686b6c84c98df58c1dae9b3b196089858a"},
    {file = "typing-3.6.6-py3-none-any.whl", hash = "sha256:57dcf675a99b74d64dacf6fba08fb17cf7e3d5fdff53d4a30ea2a5e7e52543d4"},
    {file = "typing-3.6.6.tar.gz", hash = "sha256:4027c5f6127a6267a435201981ba156de91ad0d1d98e9ddc2aa173453453492d"},
]

[[package]]
name = "typing-extensions"
version = "4.1.1"
description = "Backported and Experimental Type Hints for Python 3.6+"
category = "main"
optional = false
python-versions = ">=3.6"
files = [
    {file = "typing_extensions-4.1.1-py3-none-any.whl", hash = "sha256:21c85e0fe4b9a155d0799430b0ad741cdce7e359660ccbd8b530613e8df88ce2"},
    {file = "typing_extensions-4.1.1.tar.gz", hash = "sha256:1a9462dcc3347a79b1f1c0271fbe79e844580bb598bafa1ed208b94da3cdcd42"},
]

[[package]]
name = "vine"
version = "1.1.4"
description = "Promises, promises, promises."
category = "main"
optional = false
python-versions = "*"
files = [
    {file = "vine-1.1.4-py2.py3-none-any.whl", hash = "sha256:6849544be74ec3638e84d90bc1cf2e1e9224cc10d96cd4383ec3f69e9bce077b"},
    {file = "vine-1.1.4.tar.gz", hash = "sha256:52116d59bc45392af9fdd3b75ed98ae48a93e822cee21e5fda249105c59a7a72"},
]

[[package]]
name = "zipp"
version = "3.6.0"
description = "Backport of pathlib-compatible object wrapper for zip files"
category = "main"
optional = false
python-versions = ">=3.6"
files = [
    {file = "zipp-3.6.0-py3-none-any.whl", hash = "sha256:9fe5ea21568a0a70e50f273397638d39b03353731e6cbbb3fd8502a33fec40bc"},
    {file = "zipp-3.6.0.tar.gz", hash = "sha256:71c644c5369f4a6e07636f0aa966270449561fcea2e3d6747b8d23efaa9d7832"},
]

[package.extras]
docs = ["jaraco.packaging (>=8.2)", "rst.linker (>=1.9)", "sphinx"]
testing = ["func-timeout", "jaraco.itertools", "pytest (>=4.6)", "pytest-black (>=0.3.7)", "pytest-checkdocs (>=2.4)", "pytest-cov", "pytest-enabler (>=1.0.1)", "pytest-flake8", "pytest-mypy"]

[metadata]
lock-version = "2.0"
python-versions = "^3.6"
content-hash = "c5d40acbc1721476e7a9e6d51ce889697483b515c192e921c514fece3b5f594a"
